
Microsoft Visual Studio Solution File, Format Version 12.00
# Visual Studio Version 16
VisualStudioVersion = 16.0.31005.135
MinimumVisualStudioVersion = 10.0.40219.1
Project("{FAE04EC0-301F-11D3-BF4B-00C04F79EFBC}") = "atm-api-net-core", "atm-api-net-core\atm-api-net-core.csproj", "{39DCFD63-6FF5-447E-99D2-58587FA35D1E}"
EndProject
Global
	GlobalSection(SolutionConfigurationPlatforms) = preSolution
		Debug|Any CPU = Debug|Any CPU
		Release|Any CPU = Release|Any CPU
	EndGlobalSection
	GlobalSection(ProjectConfigurationPlatforms) = postSolution
		{39DCFD63-6FF5-447E-99D2-58587FA35D1E}.Debug|Any CPU.ActiveCfg = Debug|Any CPU
		{39DCFD63-6FF5-447E-99D2-58587FA35D1E}.Debug|Any CPU.Build.0 = Debug|Any CPU
		{39DCFD63-6FF5-447E-99D2-58587FA35D1E}.Release|Any CPU.ActiveCfg = Release|Any CPU
		{39DCFD63-6FF5-447E-99D2-58587FA35D1E}.Release|Any CPU.Build.0 = Release|Any CPU
	EndGlobalSection
	GlobalSection(SolutionProperties) = preSolution
		HideSolutionNode = FALSE
	EndGlobalSection
	GlobalSection(ExtensibilityGlobals) = postSolution
		SolutionGuid = {2CD3B376-C731-4F16-A0A3-0CF9583B37EB}
	EndGlobalSection
EndGlobal
